
Microsoft Visual Studio Solution File, Format Version 12.00
# Visual Studio 15
VisualStudioVersion = 15.0.27703.2035
MinimumVisualStudioVersion = 10.0.40219.1
Project("{FAE04EC0-301F-11D3-BF4B-00C04F79EFBC}") = "ACPActivatorConsole", "ACPActivatorConsole\ACPActivatorConsole.csproj", "{55610BAA-26F1-4B50-8E6C-88CD055BC469}"
EndProject
Project("{FAE04EC0-301F-11D3-BF4B-00C04F79EFBC}") = "ACPActivatorSilent", "ACPActivatorSilent\ACPActivatorSilent.csproj", "{EB48824B-80F7-4FEF-80E8-29D1F50E95C6}"
EndProject
Global
	GlobalSection(SolutionConfigurationPlatforms) = preSolution
		Debug|Any CPU = Debug|Any CPU
		Release|Any CPU = Release|Any CPU
	EndGlobalSection
	GlobalSection(ProjectConfigurationPlatforms) = postSolution
		{55610BAA-26F1-4B50-8E6C-88CD055BC469}.Debug|Any CPU.ActiveCfg = Debug|Any CPU
		{55610BAA-26F1-4B50-8E6C-88CD055BC469}.Debug|Any CPU.Build.0 = Debug|Any CPU
		{55610BAA-26F1-4B50-8E6C-88CD055BC469}.Release|Any CPU.ActiveCfg = Release|Any CPU
		{55610BAA-26F1-4B50-8E6C-88CD055BC469}.Release|Any CPU.Build.0 = Release|Any CPU
		{EB48824B-80F7-4FEF-80E8-29D1F50E95C6}.Debug|Any CPU.ActiveCfg = Debug|Any CPU
		{EB48824B-80F7-4FEF-80E8-29D1F50E95C6}.Debug|Any CPU.Build.0 = Debug|Any CPU
		{EB48824B-80F7-4FEF-80E8-29D1F50E95C6}.Release|Any CPU.ActiveCfg = Release|Any CPU
		{EB48824B-80F7-4FEF-80E8-29D1F50E95C6}.Release|Any CPU.Build.0 = Release|Any CPU
	EndGlobalSection
	GlobalSection(SolutionProperties) = preSolution
		HideSolutionNode = FALSE
	EndGlobalSection
	GlobalSection(ExtensibilityGlobals) = postSolution
		SolutionGuid = {309DC1C0-8640-40F6-BEBC-FCF0D58B17A1}
	EndGlobalSection
EndGlobal
